// !$*UTF8*$!
{
	archiveVersion = 1;
	classes = {
	};
	objectVersion = 46;
	objects = {

/* Begin PBXBuildFile section */
		1155311FFFD0AA078968397C /* Pods_IPG.framework in Frameworks */ = {isa = PBXBuildFile; fileRef = 4A45A81F529B7BD5DC49592B /* Pods_IPG.framework */; };
		680221C41F7500F200A6D890 /* TextFieldShouldReturnDelegate.swift in Sources */ = {isa = PBXBuildFile; fileRef = 680221C31F7500F200A6D890 /* TextFieldShouldReturnDelegate.swift */; };
		6813EF941F6A604100BC64F3 /* ProductTableViewCell.swift in Sources */ = {isa = PBXBuildFile; fileRef = 6813EF931F6A604100BC64F3 /* ProductTableViewCell.swift */; };
		6813EF961F6A620A00BC64F3 /* Product.swift in Sources */ = {isa = PBXBuildFile; fileRef = 6813EF951F6A620A00BC64F3 /* Product.swift */; };
		681CACA21F70B0D9007E78EA /* cart-plus.png in Resources */ = {isa = PBXBuildFile; fileRef = 681CACA11F70B0D9007E78EA /* cart-plus.png */; };
		682410A51F5E4A0E00A5A610 /* OneTimeTokenGenerator.swift in Sources */ = {isa = PBXBuildFile; fileRef = 682410A41F5E4A0E00A5A610 /* OneTimeTokenGenerator.swift */; };
		682410A71F5E4B2A00A5A610 /* ErrorCode.swift in Sources */ = {isa = PBXBuildFile; fileRef = 682410A61F5E4B2A00A5A610 /* ErrorCode.swift */; };
		682410A91F5E91EF00A5A610 /* Regex.swift in Sources */ = {isa = PBXBuildFile; fileRef = 682410A81F5E91EF00A5A610 /* Regex.swift */; };
		6826A0671F5F8930006ECFC1 /* Date.swift in Sources */ = {isa = PBXBuildFile; fileRef = 6826A0661F5F8930006ECFC1 /* Date.swift */; };
		6826A0711F5FCEE7006ECFC1 /* IPG.framework in Frameworks */ = {isa = PBXBuildFile; fileRef = 68857E0C1F5D1D5C002E1647 /* IPG.framework */; };
		6826A07A1F5FD3D4006ECFC1 /* OneTimeTokenGeneratorTests.swift in Sources */ = {isa = PBXBuildFile; fileRef = 6826A0791F5FD3D4006ECFC1 /* OneTimeTokenGeneratorTests.swift */; };
		6826EB3F1F665AD700F25930 /* PaymentMethod.swift in Sources */ = {isa = PBXBuildFile; fileRef = 6826EB3E1F665AD700F25930 /* PaymentMethod.swift */; };
		6826EB411F66644A00F25930 /* CapabilityLookup.swift in Sources */ = {isa = PBXBuildFile; fileRef = 6826EB401F66644A00F25930 /* CapabilityLookup.swift */; };
		6828728F1F726ADD00CA49FE /* Purchase.swift in Sources */ = {isa = PBXBuildFile; fileRef = 6828728E1F726ADD00CA49FE /* Purchase.swift */; };
		683F52331F78D6BE0012EC7F /* Pods_IPG_Demo.framework in Frameworks */ = {isa = PBXBuildFile; fileRef = 7A7F7A12CFC7282DF4C8E752 /* Pods_IPG_Demo.framework */; };
		683F52481F78E0B10012EC7F /* IPG.framework in Frameworks */ = {isa = PBXBuildFile; fileRef = 68857E0C1F5D1D5C002E1647 /* IPG.framework */; };
		683F52491F78E0B10012EC7F /* IPG.framework in Embed Frameworks */ = {isa = PBXBuildFile; fileRef = 68857E0C1F5D1D5C002E1647 /* IPG.framework */; settings = {ATTRIBUTES = (CodeSignOnCopy, RemoveHeadersOnCopy, ); }; };
		683F52501F78E4590012EC7F /* IPG.framework in Frameworks */ = {isa = PBXBuildFile; fileRef = 68857E0C1F5D1D5C002E1647 /* IPG.framework */; };
		683F52511F78E4590012EC7F /* IPG.framework in Embed Frameworks */ = {isa = PBXBuildFile; fileRef = 68857E0C1F5D1D5C002E1647 /* IPG.framework */; settings = {ATTRIBUTES = (CodeSignOnCopy, RemoveHeadersOnCopy, ); }; };
		68857E1E1F5D1DDA002E1647 /* AppDelegate.swift in Sources */ = {isa = PBXBuildFile; fileRef = 68857E1D1F5D1DDA002E1647 /* AppDelegate.swift */; };
		68857E201F5D1DDA002E1647 /* ViewController.swift in Sources */ = {isa = PBXBuildFile; fileRef = 68857E1F1F5D1DDA002E1647 /* ViewController.swift */; };
		68857E231F5D1DDA002E1647 /* Main.storyboard in Resources */ = {isa = PBXBuildFile; fileRef = 68857E211F5D1DDA002E1647 /* Main.storyboard */; };
		68857E251F5D1DDA002E1647 /* Assets.xcassets in Resources */ = {isa = PBXBuildFile; fileRef = 68857E241F5D1DDA002E1647 /* Assets.xcassets */; };
		68857E281F5D1DDA002E1647 /* LaunchScreen.storyboard in Resources */ = {isa = PBXBuildFile; fileRef = 68857E261F5D1DDA002E1647 /* LaunchScreen.storyboard */; };
		68ED30301F7CDA2100A2C125 /* TextFieldNumberDelegate.swift in Sources */ = {isa = PBXBuildFile; fileRef = 68ED302F1F7CDA2100A2C125 /* TextFieldNumberDelegate.swift */; };
		68EDF71E1F6774C900DD338A /* CapabilityResponseXMLParserDelegate.swift in Sources */ = {isa = PBXBuildFile; fileRef = 68EDF71D1F6774C900DD338A /* CapabilityResponseXMLParserDelegate.swift */; };
		68EDF7201F677C9A00DD338A /* CapabilityLookupTests.swift in Sources */ = {isa = PBXBuildFile; fileRef = 68EDF71F1F677C9A00DD338A /* CapabilityLookupTests.swift */; };
		68EDF7281F67A24900DD338A /* AppDelegate.swift in Sources */ = {isa = PBXBuildFile; fileRef = 68EDF7271F67A24900DD338A /* AppDelegate.swift */; };
		68EDF72A1F67A24900DD338A /* ViewController.swift in Sources */ = {isa = PBXBuildFile; fileRef = 68EDF7291F67A24900DD338A /* ViewController.swift */; };
		68EDF72D1F67A24900DD338A /* Main.storyboard in Resources */ = {isa = PBXBuildFile; fileRef = 68EDF72B1F67A24900DD338A /* Main.storyboard */; };
		68EDF72F1F67A24900DD338A /* Assets.xcassets in Resources */ = {isa = PBXBuildFile; fileRef = 68EDF72E1F67A24900DD338A /* Assets.xcassets */; };
		68EDF7321F67A24900DD338A /* LaunchScreen.storyboard in Resources */ = {isa = PBXBuildFile; fileRef = 68EDF7301F67A24900DD338A /* LaunchScreen.storyboard */; };
		68EE863F1F68C9A6008D3A11 /* emptyresponse.json in Resources */ = {isa = PBXBuildFile; fileRef = 68EE863E1F68C9A6008D3A11 /* emptyresponse.json */; };
		68EE86411F68CB69008D3A11 /* successresponse.xml in Resources */ = {isa = PBXBuildFile; fileRef = 68EE86401F68CB69008D3A11 /* successresponse.xml */; };
		68EF11051F6FA5B2005A70CF /* plus.png in Resources */ = {isa = PBXBuildFile; fileRef = 68EF11041F6FA5B2005A70CF /* plus.png */; };
		68F030FF1F623B6800E9C985 /* Options.swift in Sources */ = {isa = PBXBuildFile; fileRef = 68F030FE1F623B6800E9C985 /* Options.swift */; };
		68F031011F623BA700E9C985 /* Payload.swift in Sources */ = {isa = PBXBuildFile; fileRef = 68F031001F623BA700E9C985 /* Payload.swift */; };
		68F099A21F612A3A000170A0 /* TokenResponse.swift in Sources */ = {isa = PBXBuildFile; fileRef = 68F099A11F612A3A000170A0 /* TokenResponse.swift */; };
		68F313C01F6BA10300EDB80D /* credit-card-alt.png in Resources */ = {isa = PBXBuildFile; fileRef = 68F313BE1F6BA10300EDB80D /* credit-card-alt.png */; };
		68F313C11F6BA10300EDB80D /* shopping-cart.png in Resources */ = {isa = PBXBuildFile; fileRef = 68F313BF1F6BA10300EDB80D /* shopping-cart.png */; };
		AEC6CFBF5D0251643A93EDB2 /* Pods_IPGTests.framework in Frameworks */ = {isa = PBXBuildFile; fileRef = 0AACF6CB5E83B626D7B7F187 /* Pods_IPGTests.framework */; };
		FA0F07DB66239E6786547032 /* Pods_Demo.framework in Frameworks */ = {isa = PBXBuildFile; fileRef = 7C39436F4F2AB5FA8F581BE5 /* Pods_Demo.framework */; };
/* End PBXBuildFile section */

/* Begin PBXContainerItemProxy section */
		6826A0721F5FCEE7006ECFC1 /* PBXContainerItemProxy */ = {
			isa = PBXContainerItemProxy;
			containerPortal = 68857E031F5D1D5C002E1647 /* Project object */;
			proxyType = 1;
			remoteGlobalIDString = 68857E0B1F5D1D5C002E1647;
			remoteInfo = IPG;
		};
		6826A0771F5FD221006ECFC1 /* PBXContainerItemProxy */ = {
			isa = PBXContainerItemProxy;
			containerPortal = 68857E031F5D1D5C002E1647 /* Project object */;
			proxyType = 1;
			remoteGlobalIDString = 68857E1A1F5D1DDA002E1647;
			remoteInfo = Demo;
		};
		683F524A1F78E0B10012EC7F /* PBXContainerItemProxy */ = {
			isa = PBXContainerItemProxy;
			containerPortal = 68857E031F5D1D5C002E1647 /* Project object */;
			proxyType = 1;
			remoteGlobalIDString = 68857E0B1F5D1D5C002E1647;
			remoteInfo = IPG;
		};
		683F52521F78E4590012EC7F /* PBXContainerItemProxy */ = {
			isa = PBXContainerItemProxy;
			containerPortal = 68857E031F5D1D5C002E1647 /* Project object */;
			proxyType = 1;
			remoteGlobalIDString = 68857E0B1F5D1D5C002E1647;
			remoteInfo = IPG;
		};
/* End PBXContainerItemProxy section */

/* Begin PBXCopyFilesBuildPhase section */
		683F524C1F78E0B10012EC7F /* Embed Frameworks */ = {
			isa = PBXCopyFilesBuildPhase;
			buildActionMask = 2147483647;
			dstPath = "";
			dstSubfolderSpec = 10;
			files = (
				683F52491F78E0B10012EC7F /* IPG.framework in Embed Frameworks */,
			);
			name = "Embed Frameworks";
			runOnlyForDeploymentPostprocessing = 0;
		};
		683F52541F78E4590012EC7F /* Embed Frameworks */ = {
			isa = PBXCopyFilesBuildPhase;
			buildActionMask = 2147483647;
			dstPath = "";
			dstSubfolderSpec = 10;
			files = (
				683F52511F78E4590012EC7F /* IPG.framework in Embed Frameworks */,
			);
			name = "Embed Frameworks";
			runOnlyForDeploymentPostprocessing = 0;
		};
/* End PBXCopyFilesBuildPhase section */

/* Begin PBXFileReference section */
		0AACF6CB5E83B626D7B7F187 /* Pods_IPGTests.framework */ = {isa = PBXFileReference; explicitFileType = wrapper.framework; includeInIndex = 0; path = Pods_IPGTests.framework; sourceTree = BUILT_PRODUCTS_DIR; };
		2A663EEE4C835887CA199E89 /* Pods-Demo.debug.xcconfig */ = {isa = PBXFileReference; includeInIndex = 1; lastKnownFileType = text.xcconfig; name = "Pods-Demo.debug.xcconfig"; path = "Pods/Target Support Files/Pods-Demo/Pods-Demo.debug.xcconfig"; sourceTree = "<group>"; };
		4643ECD854922CBD741111CB /* Pods-IPG Demo.debug.xcconfig */ = {isa = PBXFileReference; includeInIndex = 1; lastKnownFileType = text.xcconfig; name = "Pods-IPG Demo.debug.xcconfig"; path = "Pods/Target Support Files/Pods-IPG Demo/Pods-IPG Demo.debug.xcconfig"; sourceTree = "<group>"; };
		4A45A81F529B7BD5DC49592B /* Pods_IPG.framework */ = {isa = PBXFileReference; explicitFileType = wrapper.framework; includeInIndex = 0; path = Pods_IPG.framework; sourceTree = BUILT_PRODUCTS_DIR; };
		680221C31F7500F200A6D890 /* TextFieldShouldReturnDelegate.swift */ = {isa = PBXFileReference; fileEncoding = 4; lastKnownFileType = sourcecode.swift; path = TextFieldShouldReturnDelegate.swift; sourceTree = "<group>"; };
		6813EF931F6A604100BC64F3 /* ProductTableViewCell.swift */ = {isa = PBXFileReference; fileEncoding = 4; lastKnownFileType = sourcecode.swift; path = ProductTableViewCell.swift; sourceTree = "<group>"; };
		6813EF951F6A620A00BC64F3 /* Product.swift */ = {isa = PBXFileReference; fileEncoding = 4; lastKnownFileType = sourcecode.swift; path = Product.swift; sourceTree = "<group>"; };
		681CACA11F70B0D9007E78EA /* cart-plus.png */ = {isa = PBXFileReference; lastKnownFileType = image.png; name = "cart-plus.png"; path = "images/cart-plus.png"; sourceTree = "<group>"; };
		682410A41F5E4A0E00A5A610 /* OneTimeTokenGenerator.swift */ = {isa = PBXFileReference; fileEncoding = 4; lastKnownFileType = sourcecode.swift; path = OneTimeTokenGenerator.swift; sourceTree = "<group>"; };
		682410A61F5E4B2A00A5A610 /* ErrorCode.swift */ = {isa = PBXFileReference; fileEncoding = 4; lastKnownFileType = sourcecode.swift; path = ErrorCode.swift; sourceTree = "<group>"; };
		682410A81F5E91EF00A5A610 /* Regex.swift */ = {isa = PBXFileReference; fileEncoding = 4; lastKnownFileType = sourcecode.swift; path = Regex.swift; sourceTree = "<group>"; };
		6826A0661F5F8930006ECFC1 /* Date.swift */ = {isa = PBXFileReference; fileEncoding = 4; lastKnownFileType = sourcecode.swift; path = Date.swift; sourceTree = "<group>"; };
		6826A06C1F5FCEE7006ECFC1 /* IPGTests.xctest */ = {isa = PBXFileReference; explicitFileType = wrapper.cfbundle; includeInIndex = 0; path = IPGTests.xctest; sourceTree = BUILT_PRODUCTS_DIR; };
		6826A0701F5FCEE7006ECFC1 /* Info.plist */ = {isa = PBXFileReference; lastKnownFileType = text.plist.xml; path = Info.plist; sourceTree = "<group>"; };
		6826A0791F5FD3D4006ECFC1 /* OneTimeTokenGeneratorTests.swift */ = {isa = PBXFileReference; fileEncoding = 4; lastKnownFileType = sourcecode.swift; path = OneTimeTokenGeneratorTests.swift; sourceTree = "<group>"; };
		6826EB3E1F665AD700F25930 /* PaymentMethod.swift */ = {isa = PBXFileReference; fileEncoding = 4; lastKnownFileType = sourcecode.swift; path = PaymentMethod.swift; sourceTree = "<group>"; };
		6826EB401F66644A00F25930 /* CapabilityLookup.swift */ = {isa = PBXFileReference; fileEncoding = 4; lastKnownFileType = sourcecode.swift; path = CapabilityLookup.swift; sourceTree = "<group>"; };
		6828728E1F726ADD00CA49FE /* Purchase.swift */ = {isa = PBXFileReference; fileEncoding = 4; lastKnownFileType = sourcecode.swift; path = Purchase.swift; sourceTree = "<group>"; };
		68857E0C1F5D1D5C002E1647 /* IPG.framework */ = {isa = PBXFileReference; explicitFileType = wrapper.framework; includeInIndex = 0; path = IPG.framework; sourceTree = BUILT_PRODUCTS_DIR; };
		68857E101F5D1D5C002E1647 /* Info.plist */ = {isa = PBXFileReference; lastKnownFileType = text.plist.xml; path = Info.plist; sourceTree = "<group>"; };
		68857E1B1F5D1DDA002E1647 /* Demo.app */ = {isa = PBXFileReference; explicitFileType = wrapper.application; includeInIndex = 0; path = Demo.app; sourceTree = BUILT_PRODUCTS_DIR; };
		68857E1D1F5D1DDA002E1647 /* AppDelegate.swift */ = {isa = PBXFileReference; lastKnownFileType = sourcecode.swift; path = AppDelegate.swift; sourceTree = "<group>"; };
		68857E1F1F5D1DDA002E1647 /* ViewController.swift */ = {isa = PBXFileReference; lastKnownFileType = sourcecode.swift; path = ViewController.swift; sourceTree = "<group>"; };
		68857E221F5D1DDA002E1647 /* Base */ = {isa = PBXFileReference; lastKnownFileType = file.storyboard; name = Base; path = Base.lproj/Main.storyboard; sourceTree = "<group>"; };
		68857E241F5D1DDA002E1647 /* Assets.xcassets */ = {isa = PBXFileReference; lastKnownFileType = folder.assetcatalog; path = Assets.xcassets; sourceTree = "<group>"; };
		68857E271F5D1DDA002E1647 /* Base */ = {isa = PBXFileReference; lastKnownFileType = file.storyboard; name = Base; path = Base.lproj/LaunchScreen.storyboard; sourceTree = "<group>"; };
		68857E291F5D1DDA002E1647 /* Info.plist */ = {isa = PBXFileReference; lastKnownFileType = text.plist.xml; path = Info.plist; sourceTree = "<group>"; };
		68857E2D1F5D1EFC002E1647 /* Alamofire.framework */ = {isa = PBXFileReference; lastKnownFileType = wrapper.framework; name = Alamofire.framework; path = "../../../Library/Developer/Xcode/DerivedData/IPG-abvlyebgidrcjzfnzbrzyalwhyop/Build/Products/Debug-iphonesimulator/Alamofire/Alamofire.framework"; sourceTree = "<group>"; };
		68857E451F5D3D9D002E1647 /* AlamofireObjectMapper.framework */ = {isa = PBXFileReference; lastKnownFileType = wrapper.framework; name = AlamofireObjectMapper.framework; path = "../../../Library/Developer/Xcode/DerivedData/IPG-abvlyebgidrcjzfnzbrzyalwhyop/Build/Products/Debug-iphonesimulator/AlamofireObjectMapper/AlamofireObjectMapper.framework"; sourceTree = "<group>"; };
		68857E461F5D3D9D002E1647 /* ObjectMapper.framework */ = {isa = PBXFileReference; lastKnownFileType = wrapper.framework; name = ObjectMapper.framework; path = "../../../Library/Developer/Xcode/DerivedData/IPG-abvlyebgidrcjzfnzbrzyalwhyop/Build/Products/Debug-iphonesimulator/ObjectMapper/ObjectMapper.framework"; sourceTree = "<group>"; };
		68857E8B1F5D4548002E1647 /* Foundation.framework */ = {isa = PBXFileReference; lastKnownFileType = wrapper.framework; name = Foundation.framework; path = System/Library/Frameworks/Foundation.framework; sourceTree = SDKROOT; };
		68ED302F1F7CDA2100A2C125 /* TextFieldNumberDelegate.swift */ = {isa = PBXFileReference; fileEncoding = 4; lastKnownFileType = sourcecode.swift; path = TextFieldNumberDelegate.swift; sourceTree = "<group>"; };
		68EDF71D1F6774C900DD338A /* CapabilityResponseXMLParserDelegate.swift */ = {isa = PBXFileReference; fileEncoding = 4; lastKnownFileType = sourcecode.swift; path = CapabilityResponseXMLParserDelegate.swift; sourceTree = "<group>"; };
		68EDF71F1F677C9A00DD338A /* CapabilityLookupTests.swift */ = {isa = PBXFileReference; fileEncoding = 4; lastKnownFileType = sourcecode.swift; path = CapabilityLookupTests.swift; sourceTree = "<group>"; };
		68EDF7251F67A24900DD338A /* IPG Demo.app */ = {isa = PBXFileReference; explicitFileType = wrapper.application; includeInIndex = 0; path = "IPG Demo.app"; sourceTree = BUILT_PRODUCTS_DIR; };
		68EDF7271F67A24900DD338A /* AppDelegate.swift */ = {isa = PBXFileReference; lastKnownFileType = sourcecode.swift; path = AppDelegate.swift; sourceTree = "<group>"; };
		68EDF7291F67A24900DD338A /* ViewController.swift */ = {isa = PBXFileReference; lastKnownFileType = sourcecode.swift; path = ViewController.swift; sourceTree = "<group>"; };
		68EDF72C1F67A24900DD338A /* Base */ = {isa = PBXFileReference; lastKnownFileType = file.storyboard; name = Base; path = Base.lproj/Main.storyboard; sourceTree = "<group>"; };
		68EDF72E1F67A24900DD338A /* Assets.xcassets */ = {isa = PBXFileReference; lastKnownFileType = folder.assetcatalog; path = Assets.xcassets; sourceTree = "<group>"; };
		68EDF7311F67A24900DD338A /* Base */ = {isa = PBXFileReference; lastKnownFileType = file.storyboard; name = Base; path = Base.lproj/LaunchScreen.storyboard; sourceTree = "<group>"; };
		68EDF7331F67A24900DD338A /* Info.plist */ = {isa = PBXFileReference; lastKnownFileType = text.plist.xml; path = Info.plist; sourceTree = "<group>"; };
		68EDF74B1F67C3CF00DD338A /* OHHTTPStubs.framework */ = {isa = PBXFileReference; lastKnownFileType = wrapper.framework; name = OHHTTPStubs.framework; path = "../../../Library/Developer/Xcode/DerivedData/IPG-abvlyebgidrcjzfnzbrzyalwhyop/Build/Products/Debug-iphonesimulator/OHHTTPStubs/OHHTTPStubs.framework"; sourceTree = "<group>"; };
		68EE863E1F68C9A6008D3A11 /* emptyresponse.json */ = {isa = PBXFileReference; fileEncoding = 4; lastKnownFileType = text.json; path = emptyresponse.json; sourceTree = "<group>"; };
		68EE86401F68CB69008D3A11 /* successresponse.xml */ = {isa = PBXFileReference; fileEncoding = 4; lastKnownFileType = text.xml; path = successresponse.xml; sourceTree = "<group>"; };
		68EF11041F6FA5B2005A70CF /* plus.png */ = {isa = PBXFileReference; lastKnownFileType = image.png; name = plus.png; path = images/plus.png; sourceTree = "<group>"; };
		68F030FE1F623B6800E9C985 /* Options.swift */ = {isa = PBXFileReference; fileEncoding = 4; lastKnownFileType = sourcecode.swift; path = Options.swift; sourceTree = "<group>"; };
		68F031001F623BA700E9C985 /* Payload.swift */ = {isa = PBXFileReference; fileEncoding = 4; lastKnownFileType = sourcecode.swift; path = Payload.swift; sourceTree = "<group>"; };
		68F099A11F612A3A000170A0 /* TokenResponse.swift */ = {isa = PBXFileReference; fileEncoding = 4; lastKnownFileType = sourcecode.swift; path = TokenResponse.swift; sourceTree = "<group>"; };
		68F313BE1F6BA10300EDB80D /* credit-card-alt.png */ = {isa = PBXFileReference; lastKnownFileType = image.png; name = "credit-card-alt.png"; path = "images/credit-card-alt.png"; sourceTree = "<group>"; };
		68F313BF1F6BA10300EDB80D /* shopping-cart.png */ = {isa = PBXFileReference; lastKnownFileType = image.png; name = "shopping-cart.png"; path = "images/shopping-cart.png"; sourceTree = "<group>"; };
		6E110E35EC47BD37201AD0F6 /* Pods-IPGTests.debug.xcconfig */ = {isa = PBXFileReference; includeInIndex = 1; lastKnownFileType = text.xcconfig; name = "Pods-IPGTests.debug.xcconfig"; path = "Pods/Target Support Files/Pods-IPGTests/Pods-IPGTests.debug.xcconfig"; sourceTree = "<group>"; };
		7A7F7A12CFC7282DF4C8E752 /* Pods_IPG_Demo.framework */ = {isa = PBXFileReference; explicitFileType = wrapper.framework; includeInIndex = 0; path = Pods_IPG_Demo.framework; sourceTree = BUILT_PRODUCTS_DIR; };
		7C39436F4F2AB5FA8F581BE5 /* Pods_Demo.framework */ = {isa = PBXFileReference; explicitFileType = wrapper.framework; includeInIndex = 0; path = Pods_Demo.framework; sourceTree = BUILT_PRODUCTS_DIR; };
		A91FBE4F905825D1129BC3EE /* Pods-IPG Demo.release.xcconfig */ = {isa = PBXFileReference; includeInIndex = 1; lastKnownFileType = text.xcconfig; name = "Pods-IPG Demo.release.xcconfig"; path = "Pods/Target Support Files/Pods-IPG Demo/Pods-IPG Demo.release.xcconfig"; sourceTree = "<group>"; };
		C8A7C9A482B08252E7E914B2 /* Pods-IPGTests.release.xcconfig */ = {isa = PBXFileReference; includeInIndex = 1; lastKnownFileType = text.xcconfig; name = "Pods-IPGTests.release.xcconfig"; path = "Pods/Target Support Files/Pods-IPGTests/Pods-IPGTests.release.xcconfig"; sourceTree = "<group>"; };
		E105D02E255FE7148F669E20 /* Pods-IPG.release.xcconfig */ = {isa = PBXFileReference; includeInIndex = 1; lastKnownFileType = text.xcconfig; name = "Pods-IPG.release.xcconfig"; path = "Pods/Target Support Files/Pods-IPG/Pods-IPG.release.xcconfig"; sourceTree = "<group>"; };
		EBF15342B731973C139E1C1D /* Pods-Demo.release.xcconfig */ = {isa = PBXFileReference; includeInIndex = 1; lastKnownFileType = text.xcconfig; name = "Pods-Demo.release.xcconfig"; path = "Pods/Target Support Files/Pods-Demo/Pods-Demo.release.xcconfig"; sourceTree = "<group>"; };
		EEA2A645892DD04C61759857 /* Pods-IPG.debug.xcconfig */ = {isa = PBXFileReference; includeInIndex = 1; lastKnownFileType = text.xcconfig; name = "Pods-IPG.debug.xcconfig"; path = "Pods/Target Support Files/Pods-IPG/Pods-IPG.debug.xcconfig"; sourceTree = "<group>"; };
/* End PBXFileReference section */

/* Begin PBXFrameworksBuildPhase section */
		6826A0691F5FCEE7006ECFC1 /* Frameworks */ = {
			isa = PBXFrameworksBuildPhase;
			buildActionMask = 2147483647;
			files = (
				6826A0711F5FCEE7006ECFC1 /* IPG.framework in Frameworks */,
				AEC6CFBF5D0251643A93EDB2 /* Pods_IPGTests.framework in Frameworks */,
			);
			runOnlyForDeploymentPostprocessing = 0;
		};
		68857E081F5D1D5C002E1647 /* Frameworks */ = {
			isa = PBXFrameworksBuildPhase;
			buildActionMask = 2147483647;
			files = (
				1155311FFFD0AA078968397C /* Pods_IPG.framework in Frameworks */,
			);
			runOnlyForDeploymentPostprocessing = 0;
		};
		68857E181F5D1DDA002E1647 /* Frameworks */ = {
			isa = PBXFrameworksBuildPhase;
			buildActionMask = 2147483647;
			files = (
				FA0F07DB66239E6786547032 /* Pods_Demo.framework in Frameworks */,
				683F52481F78E0B10012EC7F /* IPG.framework in Frameworks */,
			);
			runOnlyForDeploymentPostprocessing = 0;
		};
		68EDF7221F67A24900DD338A /* Frameworks */ = {
			isa = PBXFrameworksBuildPhase;
			buildActionMask = 2147483647;
			files = (
				683F52331F78D6BE0012EC7F /* Pods_IPG_Demo.framework in Frameworks */,
				683F52501F78E4590012EC7F /* IPG.framework in Frameworks */,
			);
			runOnlyForDeploymentPostprocessing = 0;
		};
/* End PBXFrameworksBuildPhase section */

/* Begin PBXGroup section */
		6826A06D1F5FCEE7006ECFC1 /* IPGTests */ = {
			isa = PBXGroup;
			children = (
				6826A0701F5FCEE7006ECFC1 /* Info.plist */,
				6826A0791F5FD3D4006ECFC1 /* OneTimeTokenGeneratorTests.swift */,
				68EDF71F1F677C9A00DD338A /* CapabilityLookupTests.swift */,
				68EE863E1F68C9A6008D3A11 /* emptyresponse.json */,
				68EE86401F68CB69008D3A11 /* successresponse.xml */,
			);
			path = IPGTests;
			sourceTree = "<group>";
		};
		68857E021F5D1D5C002E1647 = {
			isa = PBXGroup;
			children = (
				68857E0E1F5D1D5C002E1647 /* IPG */,
				68857E1C1F5D1DDA002E1647 /* Demo */,
				6826A06D1F5FCEE7006ECFC1 /* IPGTests */,
				68EDF7261F67A24900DD338A /* IPG Demo */,
				68857E0D1F5D1D5C002E1647 /* Products */,
				82534EAC93632C7DF3A08CD8 /* Pods */,
				F4857C98A24086AD054F0DAD /* Frameworks */,
			);
			sourceTree = "<group>";
		};
		68857E0D1F5D1D5C002E1647 /* Products */ = {
			isa = PBXGroup;
			children = (
				68857E0C1F5D1D5C002E1647 /* IPG.framework */,
				68857E1B1F5D1DDA002E1647 /* Demo.app */,
				6826A06C1F5FCEE7006ECFC1 /* IPGTests.xctest */,
				68EDF7251F67A24900DD338A /* IPG Demo.app */,
			);
			name = Products;
			sourceTree = "<group>";
		};
		68857E0E1F5D1D5C002E1647 /* IPG */ = {
			isa = PBXGroup;
			children = (
				68857E101F5D1D5C002E1647 /* Info.plist */,
				6826EB401F66644A00F25930 /* CapabilityLookup.swift */,
				68EDF71D1F6774C900DD338A /* CapabilityResponseXMLParserDelegate.swift */,
				6826A0661F5F8930006ECFC1 /* Date.swift */,
				682410A61F5E4B2A00A5A610 /* ErrorCode.swift */,
				682410A41F5E4A0E00A5A610 /* OneTimeTokenGenerator.swift */,
				68F030FE1F623B6800E9C985 /* Options.swift */,
				68F031001F623BA700E9C985 /* Payload.swift */,
				6826EB3E1F665AD700F25930 /* PaymentMethod.swift */,
				682410A81F5E91EF00A5A610 /* Regex.swift */,
				68F099A11F612A3A000170A0 /* TokenResponse.swift */,
			);
			path = IPG;
			sourceTree = "<group>";
		};
		68857E1C1F5D1DDA002E1647 /* Demo */ = {
			isa = PBXGroup;
			children = (
				68857E1D1F5D1DDA002E1647 /* AppDelegate.swift */,
				68857E1F1F5D1DDA002E1647 /* ViewController.swift */,
				68857E211F5D1DDA002E1647 /* Main.storyboard */,
				68857E241F5D1DDA002E1647 /* Assets.xcassets */,
				68857E261F5D1DDA002E1647 /* LaunchScreen.storyboard */,
				68857E291F5D1DDA002E1647 /* Info.plist */,
			);
			path = Demo;
			sourceTree = "<group>";
		};
		68EDF7261F67A24900DD338A /* IPG Demo */ = {
			isa = PBXGroup;
			children = (
				68F313B91F6BA07C00EDB80D /* images */,
				68EDF7271F67A24900DD338A /* AppDelegate.swift */,
				68EDF7291F67A24900DD338A /* ViewController.swift */,
				6813EF931F6A604100BC64F3 /* ProductTableViewCell.swift */,
				68EDF72B1F67A24900DD338A /* Main.storyboard */,
				68EDF72E1F67A24900DD338A /* Assets.xcassets */,
				68EDF7301F67A24900DD338A /* LaunchScreen.storyboard */,
				68EDF7331F67A24900DD338A /* Info.plist */,
				6813EF951F6A620A00BC64F3 /* Product.swift */,
				6828728E1F726ADD00CA49FE /* Purchase.swift */,
				680221C31F7500F200A6D890 /* TextFieldShouldReturnDelegate.swift */,
				68ED302F1F7CDA2100A2C125 /* TextFieldNumberDelegate.swift */,
			);
			path = "IPG Demo";
			sourceTree = "<group>";
		};
		68F313B91F6BA07C00EDB80D /* images */ = {
			isa = PBXGroup;
			children = (
				681CACA11F70B0D9007E78EA /* cart-plus.png */,
				68EF11041F6FA5B2005A70CF /* plus.png */,
				68F313BE1F6BA10300EDB80D /* credit-card-alt.png */,
				68F313BF1F6BA10300EDB80D /* shopping-cart.png */,
			);
			name = images;
			sourceTree = "<group>";
		};
		82534EAC93632C7DF3A08CD8 /* Pods */ = {
			isa = PBXGroup;
			children = (
				EEA2A645892DD04C61759857 /* Pods-IPG.debug.xcconfig */,
				E105D02E255FE7148F669E20 /* Pods-IPG.release.xcconfig */,
				6E110E35EC47BD37201AD0F6 /* Pods-IPGTests.debug.xcconfig */,
				C8A7C9A482B08252E7E914B2 /* Pods-IPGTests.release.xcconfig */,
				4643ECD854922CBD741111CB /* Pods-IPG Demo.debug.xcconfig */,
				A91FBE4F905825D1129BC3EE /* Pods-IPG Demo.release.xcconfig */,
				2A663EEE4C835887CA199E89 /* Pods-Demo.debug.xcconfig */,
				EBF15342B731973C139E1C1D /* Pods-Demo.release.xcconfig */,
			);
			name = Pods;
			sourceTree = "<group>";
		};
		F4857C98A24086AD054F0DAD /* Frameworks */ = {
			isa = PBXGroup;
			children = (
				68EDF74B1F67C3CF00DD338A /* OHHTTPStubs.framework */,
				68857E8B1F5D4548002E1647 /* Foundation.framework */,
				68857E451F5D3D9D002E1647 /* AlamofireObjectMapper.framework */,
				68857E461F5D3D9D002E1647 /* ObjectMapper.framework */,
				68857E2D1F5D1EFC002E1647 /* Alamofire.framework */,
				4A45A81F529B7BD5DC49592B /* Pods_IPG.framework */,
				0AACF6CB5E83B626D7B7F187 /* Pods_IPGTests.framework */,
				7A7F7A12CFC7282DF4C8E752 /* Pods_IPG_Demo.framework */,
				7C39436F4F2AB5FA8F581BE5 /* Pods_Demo.framework */,
			);
			name = Frameworks;
			sourceTree = "<group>";
		};
/* End PBXGroup section */

/* Begin PBXHeadersBuildPhase section */
		68857E091F5D1D5C002E1647 /* Headers */ = {
			isa = PBXHeadersBuildPhase;
			buildActionMask = 2147483647;
			files = (
			);
			runOnlyForDeploymentPostprocessing = 0;
		};
/* End PBXHeadersBuildPhase section */

/* Begin PBXNativeTarget section */
		6826A06B1F5FCEE7006ECFC1 /* IPGTests */ = {
			isa = PBXNativeTarget;
			buildConfigurationList = 6826A0741F5FCEE7006ECFC1 /* Build configuration list for PBXNativeTarget "IPGTests" */;
			buildPhases = (
				7047D402F3C8A0389AE1FFAA /* [CP] Check Pods Manifest.lock */,
				6826A0681F5FCEE7006ECFC1 /* Sources */,
				6826A0691F5FCEE7006ECFC1 /* Frameworks */,
				6826A06A1F5FCEE7006ECFC1 /* Resources */,
				F1F2176AD1B7F6742E3057B8 /* [CP] Embed Pods Frameworks */,
				A69BEC4C71AD11DBAC49849D /* [CP] Copy Pods Resources */,
			);
			buildRules = (
			);
			dependencies = (
				6826A0731F5FCEE7006ECFC1 /* PBXTargetDependency */,
				6826A0781F5FD221006ECFC1 /* PBXTargetDependency */,
			);
			name = IPGTests;
			productName = IPGTests;
			productReference = 6826A06C1F5FCEE7006ECFC1 /* IPGTests.xctest */;
			productType = "com.apple.product-type.bundle.unit-test";
		};
		68857E0B1F5D1D5C002E1647 /* IPG */ = {
			isa = PBXNativeTarget;
			buildConfigurationList = 68857E141F5D1D5C002E1647 /* Build configuration list for PBXNativeTarget "IPG" */;
			buildPhases = (
				4AB3CD2586D207683320C91F /* [CP] Check Pods Manifest.lock */,
				68857E071F5D1D5C002E1647 /* Sources */,
				68857E081F5D1D5C002E1647 /* Frameworks */,
				68857E091F5D1D5C002E1647 /* Headers */,
				68857E0A1F5D1D5C002E1647 /* Resources */,
				99075EF1FC9AD5C12274D4CE /* [CP] Copy Pods Resources */,
			);
			buildRules = (
			);
			dependencies = (
			);
			name = IPG;
			productName = IPG;
			productReference = 68857E0C1F5D1D5C002E1647 /* IPG.framework */;
			productType = "com.apple.product-type.framework";
		};
		68857E1A1F5D1DDA002E1647 /* Demo */ = {
			isa = PBXNativeTarget;
			buildConfigurationList = 68857E2C1F5D1DDA002E1647 /* Build configuration list for PBXNativeTarget "Demo" */;
			buildPhases = (
				141478D2B94E822308D7D6FD /* [CP] Check Pods Manifest.lock */,
				68857E171F5D1DDA002E1647 /* Sources */,
				68857E181F5D1DDA002E1647 /* Frameworks */,
				68857E191F5D1DDA002E1647 /* Resources */,
				FACB24BCDC808CB326342FFE /* [CP] Embed Pods Frameworks */,
				7C86A6CC28448BE996BAC58E /* [CP] Copy Pods Resources */,
				683F524C1F78E0B10012EC7F /* Embed Frameworks */,
			);
			buildRules = (
			);
			dependencies = (
				683F524B1F78E0B10012EC7F /* PBXTargetDependency */,
			);
			name = Demo;
			productName = Demo;
			productReference = 68857E1B1F5D1DDA002E1647 /* Demo.app */;
			productType = "com.apple.product-type.application";
		};
		68EDF7241F67A24900DD338A /* IPG Demo */ = {
			isa = PBXNativeTarget;
			buildConfigurationList = 68EDF7361F67A24900DD338A /* Build configuration list for PBXNativeTarget "IPG Demo" */;
			buildPhases = (
				A2F32AC35BA042A001D10411 /* [CP] Check Pods Manifest.lock */,
				68EDF7211F67A24900DD338A /* Sources */,
				68EDF7221F67A24900DD338A /* Frameworks */,
				68EDF7231F67A24900DD338A /* Resources */,
				9D772ADDEDE0B086AE902348 /* [CP] Embed Pods Frameworks */,
				0C52B6A766306B34821F9A76 /* [CP] Copy Pods Resources */,
				683F52541F78E4590012EC7F /* Embed Frameworks */,
			);
			buildRules = (
			);
			dependencies = (
				683F52531F78E4590012EC7F /* PBXTargetDependency */,
			);
			name = "IPG Demo";
			productName = "IPG Demo";
			productReference = 68EDF7251F67A24900DD338A /* IPG Demo.app */;
			productType = "com.apple.product-type.application";
		};
/* End PBXNativeTarget section */

/* Begin PBXProject section */
		68857E031F5D1D5C002E1647 /* Project object */ = {
			isa = PBXProject;
			attributes = {
				LastSwiftUpdateCheck = 0830;
				LastUpgradeCheck = 0830;
				ORGANIZATIONNAME = "AirS CC";
				TargetAttributes = {
					6826A06B1F5FCEE7006ECFC1 = {
						CreatedOnToolsVersion = 8.3.3;
						ProvisioningStyle = Automatic;
						TestTargetID = 68857E1A1F5D1DDA002E1647;
					};
					68857E0B1F5D1D5C002E1647 = {
						CreatedOnToolsVersion = 8.3.3;
						LastSwiftMigration = 0830;
						ProvisioningStyle = Automatic;
					};
					68857E1A1F5D1DDA002E1647 = {
						CreatedOnToolsVersion = 8.3.3;
						ProvisioningStyle = Automatic;
					};
					68EDF7241F67A24900DD338A = {
						CreatedOnToolsVersion = 8.3.3;
						ProvisioningStyle = Automatic;
					};
				};
			};
			buildConfigurationList = 68857E061F5D1D5C002E1647 /* Build configuration list for PBXProject "IPG" */;
			compatibilityVersion = "Xcode 3.2";
			developmentRegion = English;
			hasScannedForEncodings = 0;
			knownRegions = (
				en,
				Base,
			);
			mainGroup = 68857E021F5D1D5C002E1647;
			productRefGroup = 68857E0D1F5D1D5C002E1647 /* Products */;
			projectDirPath = "";
			projectRoot = "";
			targets = (
				68857E0B1F5D1D5C002E1647 /* IPG */,
				68857E1A1F5D1DDA002E1647 /* Demo */,
				6826A06B1F5FCEE7006ECFC1 /* IPGTests */,
				68EDF7241F67A24900DD338A /* IPG Demo */,
			);
		};
/* End PBXProject section */

/* Begin PBXResourcesBuildPhase section */
		6826A06A1F5FCEE7006ECFC1 /* Resources */ = {
			isa = PBXResourcesBuildPhase;
			buildActionMask = 2147483647;
			files = (
				68EE86411F68CB69008D3A11 /* successresponse.xml in Resources */,
				68EE863F1F68C9A6008D3A11 /* emptyresponse.json in Resources */,
			);
			runOnlyForDeploymentPostprocessing = 0;
		};
		68857E0A1F5D1D5C002E1647 /* Resources */ = {
			isa = PBXResourcesBuildPhase;
			buildActionMask = 2147483647;
			files = (
			);
			runOnlyForDeploymentPostprocessing = 0;
		};
		68857E191F5D1DDA002E1647 /* Resources */ = {
			isa = PBXResourcesBuildPhase;
			buildActionMask = 2147483647;
			files = (
				68857E281F5D1DDA002E1647 /* LaunchScreen.storyboard in Resources */,
				68857E251F5D1DDA002E1647 /* Assets.xcassets in Resources */,
				68857E231F5D1DDA002E1647 /* Main.storyboard in Resources */,
			);
			runOnlyForDeploymentPostprocessing = 0;
		};
		68EDF7231F67A24900DD338A /* Resources */ = {
			isa = PBXResourcesBuildPhase;
			buildActionMask = 2147483647;
			files = (
				68EDF7321F67A24900DD338A /* LaunchScreen.storyboard in Resources */,
				68EDF72F1F67A24900DD338A /* Assets.xcassets in Resources */,
				68F313C01F6BA10300EDB80D /* credit-card-alt.png in Resources */,
				68EDF72D1F67A24900DD338A /* Main.storyboard in Resources */,
				68F313C11F6BA10300EDB80D /* shopping-cart.png in Resources */,
				68EF11051F6FA5B2005A70CF /* plus.png in Resources */,
				681CACA21F70B0D9007E78EA /* cart-plus.png in Resources */,
			);
			runOnlyForDeploymentPostprocessing = 0;
		};
/* End PBXResourcesBuildPhase section */

/* Begin PBXShellScriptBuildPhase section */
		0C52B6A766306B34821F9A76 /* [CP] Copy Pods Resources */ = {
			isa = PBXShellScriptBuildPhase;
			buildActionMask = 2147483647;
			files = (
			);
			inputPaths = (
				"${SRCROOT}/Pods/Target Support Files/Pods-IPG Demo/Pods-IPG Demo-resources.sh",
				$PODS_CONFIGURATION_BUILD_DIR/HockeySDK/HockeySDKResources.bundle,
			);
			name = "[CP] Copy Pods Resources";
			outputPaths = (
				"${TARGET_BUILD_DIR}/${UNLOCALIZED_RESOURCES_FOLDER_PATH}",
			);
			runOnlyForDeploymentPostprocessing = 0;
			shellPath = /bin/sh;
			shellScript = "\"${SRCROOT}/Pods/Target Support Files/Pods-IPG Demo/Pods-IPG Demo-resources.sh\"\n";
			showEnvVarsInLog = 0;
		};
		141478D2B94E822308D7D6FD /* [CP] Check Pods Manifest.lock */ = {
			isa = PBXShellScriptBuildPhase;
			buildActionMask = 2147483647;
			files = (
			);
			inputPaths = (
				"${PODS_PODFILE_DIR_PATH}/Podfile.lock",
				"${PODS_ROOT}/Manifest.lock",
			);
			name = "[CP] Check Pods Manifest.lock";
			outputPaths = (
				"$(DERIVED_FILE_DIR)/Pods-Demo-checkManifestLockResult.txt",
			);
			runOnlyForDeploymentPostprocessing = 0;
			shellPath = /bin/sh;
			shellScript = "diff \"${PODS_PODFILE_DIR_PATH}/Podfile.lock\" \"${PODS_ROOT}/Manifest.lock\" > /dev/null\nif [ $? != 0 ] ; then\n    # print error to STDERR\n    echo \"error: The sandbox is not in sync with the Podfile.lock. Run 'pod install' or update your CocoaPods installation.\" >&2\n    exit 1\nfi\n# This output is used by Xcode 'outputs' to avoid re-running this script phase.\necho \"SUCCESS\" > \"${SCRIPT_OUTPUT_FILE_0}\"\n";
			showEnvVarsInLog = 0;
		};
		4AB3CD2586D207683320C91F /* [CP] Check Pods Manifest.lock */ = {
			isa = PBXShellScriptBuildPhase;
			buildActionMask = 2147483647;
			files = (
			);
			inputPaths = (
				"${PODS_PODFILE_DIR_PATH}/Podfile.lock",
				"${PODS_ROOT}/Manifest.lock",
			);
			name = "[CP] Check Pods Manifest.lock";
			outputPaths = (
				"$(DERIVED_FILE_DIR)/Pods-IPG-checkManifestLockResult.txt",
			);
			runOnlyForDeploymentPostprocessing = 0;
			shellPath = /bin/sh;
			shellScript = "diff \"${PODS_PODFILE_DIR_PATH}/Podfile.lock\" \"${PODS_ROOT}/Manifest.lock\" > /dev/null\nif [ $? != 0 ] ; then\n    # print error to STDERR\n    echo \"error: The sandbox is not in sync with the Podfile.lock. Run 'pod install' or update your CocoaPods installation.\" >&2\n    exit 1\nfi\n# This output is used by Xcode 'outputs' to avoid re-running this script phase.\necho \"SUCCESS\" > \"${SCRIPT_OUTPUT_FILE_0}\"\n";
			showEnvVarsInLog = 0;
		};
		7047D402F3C8A0389AE1FFAA /* [CP] Check Pods Manifest.lock */ = {
			isa = PBXShellScriptBuildPhase;
			buildActionMask = 2147483647;
			files = (
			);
			inputPaths = (
				"${PODS_PODFILE_DIR_PATH}/Podfile.lock",
				"${PODS_ROOT}/Manifest.lock",
			);
			name = "[CP] Check Pods Manifest.lock";
			outputPaths = (
				"$(DERIVED_FILE_DIR)/Pods-IPGTests-checkManifestLockResult.txt",
			);
			runOnlyForDeploymentPostprocessing = 0;
			shellPath = /bin/sh;
			shellScript = "diff \"${PODS_PODFILE_DIR_PATH}/Podfile.lock\" \"${PODS_ROOT}/Manifest.lock\" > /dev/null\nif [ $? != 0 ] ; then\n    # print error to STDERR\n    echo \"error: The sandbox is not in sync with the Podfile.lock. Run 'pod install' or update your CocoaPods installation.\" >&2\n    exit 1\nfi\n# This output is used by Xcode 'outputs' to avoid re-running this script phase.\necho \"SUCCESS\" > \"${SCRIPT_OUTPUT_FILE_0}\"\n";
			showEnvVarsInLog = 0;
		};
		7C86A6CC28448BE996BAC58E /* [CP] Copy Pods Resources */ = {
			isa = PBXShellScriptBuildPhase;
			buildActionMask = 2147483647;
			files = (
			);
			inputPaths = (
			);
			name = "[CP] Copy Pods Resources";
			outputPaths = (
			);
			runOnlyForDeploymentPostprocessing = 0;
			shellPath = /bin/sh;
			shellScript = "\"${SRCROOT}/Pods/Target Support Files/Pods-Demo/Pods-Demo-resources.sh\"\n";
			showEnvVarsInLog = 0;
		};
		99075EF1FC9AD5C12274D4CE /* [CP] Copy Pods Resources */ = {
			isa = PBXShellScriptBuildPhase;
			buildActionMask = 2147483647;
			files = (
			);
			inputPaths = (
			);
			name = "[CP] Copy Pods Resources";
			outputPaths = (
			);
			runOnlyForDeploymentPostprocessing = 0;
			shellPath = /bin/sh;
			shellScript = "\"${SRCROOT}/Pods/Target Support Files/Pods-IPG/Pods-IPG-resources.sh\"\n";
			showEnvVarsInLog = 0;
		};
		9D772ADDEDE0B086AE902348 /* [CP] Embed Pods Frameworks */ = {
			isa = PBXShellScriptBuildPhase;
			buildActionMask = 2147483647;
			files = (
			);
			inputPaths = (
				"${SRCROOT}/Pods/Target Support Files/Pods-IPG Demo/Pods-IPG Demo-frameworks.sh",
				"${BUILT_PRODUCTS_DIR}/Alamofire/Alamofire.framework",
				"${BUILT_PRODUCTS_DIR}/AlamofireObjectMapper/AlamofireObjectMapper.framework",
				"${BUILT_PRODUCTS_DIR}/ObjectMapper/ObjectMapper.framework",
			);
			name = "[CP] Embed Pods Frameworks";
			outputPaths = (
				"${TARGET_BUILD_DIR}/${FRAMEWORKS_FOLDER_PATH}/Alamofire.framework",
				"${TARGET_BUILD_DIR}/${FRAMEWORKS_FOLDER_PATH}/AlamofireObjectMapper.framework",
				"${TARGET_BUILD_DIR}/${FRAMEWORKS_FOLDER_PATH}/ObjectMapper.framework",
			);
			runOnlyForDeploymentPostprocessing = 0;
			shellPath = /bin/sh;
			shellScript = "\"${SRCROOT}/Pods/Target Support Files/Pods-IPG Demo/Pods-IPG Demo-frameworks.sh\"\n";
			showEnvVarsInLog = 0;
		};
		A2F32AC35BA042A001D10411 /* [CP] Check Pods Manifest.lock */ = {
			isa = PBXShellScriptBuildPhase;
			buildActionMask = 2147483647;
			files = (
			);
			inputPaths = (
				"${PODS_PODFILE_DIR_PATH}/Podfile.lock",
				"${PODS_ROOT}/Manifest.lock",
			);
			name = "[CP] Check Pods Manifest.lock";
			outputPaths = (
				"$(DERIVED_FILE_DIR)/Pods-IPG Demo-checkManifestLockResult.txt",
			);
			runOnlyForDeploymentPostprocessing = 0;
			shellPath = /bin/sh;
			shellScript = "diff \"${PODS_PODFILE_DIR_PATH}/Podfile.lock\" \"${PODS_ROOT}/Manifest.lock\" > /dev/null\nif [ $? != 0 ] ; then\n    # print error to STDERR\n    echo \"error: The sandbox is not in sync with the Podfile.lock. Run 'pod install' or update your CocoaPods installation.\" >&2\n    exit 1\nfi\n# This output is used by Xcode 'outputs' to avoid re-running this script phase.\necho \"SUCCESS\" > \"${SCRIPT_OUTPUT_FILE_0}\"\n";
			showEnvVarsInLog = 0;
		};
		A69BEC4C71AD11DBAC49849D /* [CP] Copy Pods Resources */ = {
			isa = PBXShellScriptBuildPhase;
			buildActionMask = 2147483647;
			files = (
			);
			inputPaths = (
			);
			name = "[CP] Copy Pods Resources";
			outputPaths = (
			);
			runOnlyForDeploymentPostprocessing = 0;
			shellPath = /bin/sh;
			shellScript = "\"${SRCROOT}/Pods/Target Support Files/Pods-IPGTests/Pods-IPGTests-resources.sh\"\n";
			showEnvVarsInLog = 0;
		};
		F1F2176AD1B7F6742E3057B8 /* [CP] Embed Pods Frameworks */ = {
			isa = PBXShellScriptBuildPhase;
			buildActionMask = 2147483647;
			files = (
			);
			inputPaths = (
				"${SRCROOT}/Pods/Target Support Files/Pods-IPGTests/Pods-IPGTests-frameworks.sh",
				"${BUILT_PRODUCTS_DIR}/OHHTTPStubs/OHHTTPStubs.framework",
				"${BUILT_PRODUCTS_DIR}/Alamofire/Alamofire.framework",
				"${BUILT_PRODUCTS_DIR}/AlamofireObjectMapper/AlamofireObjectMapper.framework",
				"${BUILT_PRODUCTS_DIR}/ObjectMapper/ObjectMapper.framework",
			);
			name = "[CP] Embed Pods Frameworks";
			outputPaths = (
				"${TARGET_BUILD_DIR}/${FRAMEWORKS_FOLDER_PATH}/OHHTTPStubs.framework",
				"${TARGET_BUILD_DIR}/${FRAMEWORKS_FOLDER_PATH}/Alamofire.framework",
				"${TARGET_BUILD_DIR}/${FRAMEWORKS_FOLDER_PATH}/AlamofireObjectMapper.framework",
				"${TARGET_BUILD_DIR}/${FRAMEWORKS_FOLDER_PATH}/ObjectMapper.framework",
			);
			runOnlyForDeploymentPostprocessing = 0;
			shellPath = /bin/sh;
			shellScript = "\"${SRCROOT}/Pods/Target Support Files/Pods-IPGTests/Pods-IPGTests-frameworks.sh\"\n";
			showEnvVarsInLog = 0;
		};
		FACB24BCDC808CB326342FFE /* [CP] Embed Pods Frameworks */ = {
			isa = PBXShellScriptBuildPhase;
			buildActionMask = 2147483647;
			files = (
			);
			inputPaths = (
				"${SRCROOT}/Pods/Target Support Files/Pods-Demo/Pods-Demo-frameworks.sh",
				"${BUILT_PRODUCTS_DIR}/Alamofire/Alamofire.framework",
				"${BUILT_PRODUCTS_DIR}/AlamofireObjectMapper/AlamofireObjectMapper.framework",
				"${BUILT_PRODUCTS_DIR}/ObjectMapper/ObjectMapper.framework",
			);
			name = "[CP] Embed Pods Frameworks";
			outputPaths = (
				"${TARGET_BUILD_DIR}/${FRAMEWORKS_FOLDER_PATH}/Alamofire.framework",
				"${TARGET_BUILD_DIR}/${FRAMEWORKS_FOLDER_PATH}/AlamofireObjectMapper.framework",
				"${TARGET_BUILD_DIR}/${FRAMEWORKS_FOLDER_PATH}/ObjectMapper.framework",
			);
			runOnlyForDeploymentPostprocessing = 0;
			shellPath = /bin/sh;
			shellScript = "\"${SRCROOT}/Pods/Target Support Files/Pods-Demo/Pods-Demo-frameworks.sh\"\n";
			showEnvVarsInLog = 0;
		};
/* End PBXShellScriptBuildPhase section */

/* Begin PBXSourcesBuildPhase section */
		6826A0681F5FCEE7006ECFC1 /* Sources */ = {
			isa = PBXSourcesBuildPhase;
			buildActionMask = 2147483647;
			files = (
				6826A07A1F5FD3D4006ECFC1 /* OneTimeTokenGeneratorTests.swift in Sources */,
				68EDF7201F677C9A00DD338A /* CapabilityLookupTests.swift in Sources */,
			);
			runOnlyForDeploymentPostprocessing = 0;
		};
		68857E071F5D1D5C002E1647 /* Sources */ = {
			isa = PBXSourcesBuildPhase;
			buildActionMask = 2147483647;
			files = (
				6826A0671F5F8930006ECFC1 /* Date.swift in Sources */,
				68F031011F623BA700E9C985 /* Payload.swift in Sources */,
				68F099A21F612A3A000170A0 /* TokenResponse.swift in Sources */,
				682410A91F5E91EF00A5A610 /* Regex.swift in Sources */,
				68EDF71E1F6774C900DD338A /* CapabilityResponseXMLParserDelegate.swift in Sources */,
				682410A51F5E4A0E00A5A610 /* OneTimeTokenGenerator.swift in Sources */,
				68F030FF1F623B6800E9C985 /* Options.swift in Sources */,
				6826EB411F66644A00F25930 /* CapabilityLookup.swift in Sources */,
				6826EB3F1F665AD700F25930 /* PaymentMethod.swift in Sources */,
				682410A71F5E4B2A00A5A610 /* ErrorCode.swift in Sources */,
			);
			runOnlyForDeploymentPostprocessing = 0;
		};
		68857E171F5D1DDA002E1647 /* Sources */ = {
			isa = PBXSourcesBuildPhase;
			buildActionMask = 2147483647;
			files = (
				68857E201F5D1DDA002E1647 /* ViewController.swift in Sources */,
				68857E1E1F5D1DDA002E1647 /* AppDelegate.swift in Sources */,
			);
			runOnlyForDeploymentPostprocessing = 0;
		};
		68EDF7211F67A24900DD338A /* Sources */ = {
			isa = PBXSourcesBuildPhase;
			buildActionMask = 2147483647;
			files = (
				68EDF72A1F67A24900DD338A /* ViewController.swift in Sources */,
				6828728F1F726ADD00CA49FE /* Purchase.swift in Sources */,
				6813EF941F6A604100BC64F3 /* ProductTableViewCell.swift in Sources */,
				680221C41F7500F200A6D890 /* TextFieldShouldReturnDelegate.swift in Sources */,
				6813EF961F6A620A00BC64F3 /* Product.swift in Sources */,
				68EDF7281F67A24900DD338A /* AppDelegate.swift in Sources */,
				68ED30301F7CDA2100A2C125 /* TextFieldNumberDelegate.swift in Sources */,
			);
			runOnlyForDeploymentPostprocessing = 0;
		};
/* End PBXSourcesBuildPhase section */

/* Begin PBXTargetDependency section */
		6826A0731F5FCEE7006ECFC1 /* PBXTargetDependency */ = {
			isa = PBXTargetDependency;
			target = 68857E0B1F5D1D5C002E1647 /* IPG */;
			targetProxy = 6826A0721F5FCEE7006ECFC1 /* PBXContainerItemProxy */;
		};
		6826A0781F5FD221006ECFC1 /* PBXTargetDependency */ = {
			isa = PBXTargetDependency;
			target = 68857E1A1F5D1DDA002E1647 /* Demo */;
			targetProxy = 6826A0771F5FD221006ECFC1 /* PBXContainerItemProxy */;
		};
		683F524B1F78E0B10012EC7F /* PBXTargetDependency */ = {
			isa = PBXTargetDependency;
			target = 68857E0B1F5D1D5C002E1647 /* IPG */;
			targetProxy = 683F524A1F78E0B10012EC7F /* PBXContainerItemProxy */;
		};
		683F52531F78E4590012EC7F /* PBXTargetDependency */ = {
			isa = PBXTargetDependency;
			target = 68857E0B1F5D1D5C002E1647 /* IPG */;
			targetProxy = 683F52521F78E4590012EC7F /* PBXContainerItemProxy */;
		};
/* End PBXTargetDependency section */

/* Begin PBXVariantGroup section */
		68857E211F5D1DDA002E1647 /* Main.storyboard */ = {
			isa = PBXVariantGroup;
			children = (
				68857E221F5D1DDA002E1647 /* Base */,
			);
			name = Main.storyboard;
			sourceTree = "<group>";
		};
		68857E261F5D1DDA002E1647 /* LaunchScreen.storyboard */ = {
			isa = PBXVariantGroup;
			children = (
				68857E271F5D1DDA002E1647 /* Base */,
			);
			name = LaunchScreen.storyboard;
			sourceTree = "<group>";
		};
		68EDF72B1F67A24900DD338A /* Main.storyboard */ = {
			isa = PBXVariantGroup;
			children = (
				68EDF72C1F67A24900DD338A /* Base */,
			);
			name = Main.storyboard;
			sourceTree = "<group>";
		};
		68EDF7301F67A24900DD338A /* LaunchScreen.storyboard */ = {
			isa = PBXVariantGroup;
			children = (
				68EDF7311F67A24900DD338A /* Base */,
			);
			name = LaunchScreen.storyboard;
			sourceTree = "<group>";
		};
/* End PBXVariantGroup section */

/* Begin XCBuildConfiguration section */
		6826A0751F5FCEE7006ECFC1 /* Debug */ = {
			isa = XCBuildConfiguration;
			baseConfigurationReference = 6E110E35EC47BD37201AD0F6 /* Pods-IPGTests.debug.xcconfig */;
			buildSettings = {
				BUNDLE_LOADER = "$(TEST_HOST)";
				INFOPLIST_FILE = IPGTests/Info.plist;
				LD_RUNPATH_SEARCH_PATHS = "$(inherited) @executable_path/Frameworks @loader_path/Frameworks";
				PRODUCT_BUNDLE_IDENTIFIER = test.IPGTests;
				PRODUCT_NAME = "$(TARGET_NAME)";
				SWIFT_VERSION = 3.0;
				TEST_HOST = "$(BUILT_PRODUCTS_DIR)/Demo.app/Demo";
			};
			name = Debug;
		};
		6826A0761F5FCEE7006ECFC1 /* Release */ = {
			isa = XCBuildConfiguration;
			baseConfigurationReference = C8A7C9A482B08252E7E914B2 /* Pods-IPGTests.release.xcconfig */;
			buildSettings = {
				BUNDLE_LOADER = "$(TEST_HOST)";
				INFOPLIST_FILE = IPGTests/Info.plist;
				LD_RUNPATH_SEARCH_PATHS = "$(inherited) @executable_path/Frameworks @loader_path/Frameworks";
				PRODUCT_BUNDLE_IDENTIFIER = test.IPGTests;
				PRODUCT_NAME = "$(TARGET_NAME)";
				SWIFT_VERSION = 3.0;
				TEST_HOST = "$(BUILT_PRODUCTS_DIR)/Demo.app/Demo";
			};
			name = Release;
		};
		68857E121F5D1D5C002E1647 /* Debug */ = {
			isa = XCBuildConfiguration;
			buildSettings = {
				ALWAYS_SEARCH_USER_PATHS = NO;
				CLANG_ANALYZER_NONNULL = YES;
				CLANG_ANALYZER_NUMBER_OBJECT_CONVERSION = YES_AGGRESSIVE;
				CLANG_CXX_LANGUAGE_STANDARD = "gnu++0x";
				CLANG_CXX_LIBRARY = "libc++";
				CLANG_ENABLE_MODULES = YES;
				CLANG_ENABLE_OBJC_ARC = YES;
				CLANG_WARN_BOOL_CONVERSION = YES;
				CLANG_WARN_CONSTANT_CONVERSION = YES;
				CLANG_WARN_DIRECT_OBJC_ISA_USAGE = YES_ERROR;
				CLANG_WARN_DOCUMENTATION_COMMENTS = YES;
				CLANG_WARN_EMPTY_BODY = YES;
				CLANG_WARN_ENUM_CONVERSION = YES;
				CLANG_WARN_INFINITE_RECURSION = YES;
				CLANG_WARN_INT_CONVERSION = YES;
				CLANG_WARN_OBJC_ROOT_CLASS = YES_ERROR;
				CLANG_WARN_SUSPICIOUS_MOVE = YES;
				CLANG_WARN_UNREACHABLE_CODE = YES;
				CLANG_WARN__DUPLICATE_METHOD_MATCH = YES;
				"CODE_SIGN_IDENTITY[sdk=iphoneos*]" = "iPhone Developer";
				COPY_PHASE_STRIP = NO;
				CURRENT_PROJECT_VERSION = 1;
				DEBUG_INFORMATION_FORMAT = dwarf;
				ENABLE_STRICT_OBJC_MSGSEND = YES;
				ENABLE_TESTABILITY = YES;
				GCC_C_LANGUAGE_STANDARD = gnu99;
				GCC_DYNAMIC_NO_PIC = NO;
				GCC_NO_COMMON_BLOCKS = YES;
				GCC_OPTIMIZATION_LEVEL = 0;
				GCC_PREPROCESSOR_DEFINITIONS = (
					"DEBUG=1",
					"$(inherited)",
				);
				GCC_WARN_64_TO_32_BIT_CONVERSION = YES;
				GCC_WARN_ABOUT_RETURN_TYPE = YES_ERROR;
				GCC_WARN_UNDECLARED_SELECTOR = YES;
				GCC_WARN_UNINITIALIZED_AUTOS = YES_AGGRESSIVE;
				GCC_WARN_UNUSED_FUNCTION = YES;
				GCC_WARN_UNUSED_VARIABLE = YES;
				IPHONEOS_DEPLOYMENT_TARGET = 10.3;
				MTL_ENABLE_DEBUG_INFO = YES;
				ONLY_ACTIVE_ARCH = YES;
				SDKROOT = iphoneos;
				SWIFT_ACTIVE_COMPILATION_CONDITIONS = DEBUG;
				SWIFT_OPTIMIZATION_LEVEL = "-Onone";
				TARGETED_DEVICE_FAMILY = "1,2";
				VERSIONING_SYSTEM = "apple-generic";
				VERSION_INFO_PREFIX = "";
			};
			name = Debug;
		};
		68857E131F5D1D5C002E1647 /* Release */ = {
			isa = XCBuildConfiguration;
			buildSettings = {
				ALWAYS_SEARCH_USER_PATHS = NO;
				CLANG_ANALYZER_NONNULL = YES;
				CLANG_ANALYZER_NUMBER_OBJECT_CONVERSION = YES_AGGRESSIVE;
				CLANG_CXX_LANGUAGE_STANDARD = "gnu++0x";
				CLANG_CXX_LIBRARY = "libc++";
				CLANG_ENABLE_MODULES = YES;
				CLANG_ENABLE_OBJC_ARC = YES;
				CLANG_WARN_BOOL_CONVERSION = YES;
				CLANG_WARN_CONSTANT_CONVERSION = YES;
				CLANG_WARN_DIRECT_OBJC_ISA_USAGE = YES_ERROR;
				CLANG_WARN_DOCUMENTATION_COMMENTS = YES;
				CLANG_WARN_EMPTY_BODY = YES;
				CLANG_WARN_ENUM_CONVERSION = YES;
				CLANG_WARN_INFINITE_RECURSION = YES;
				CLANG_WARN_INT_CONVERSION = YES;
				CLANG_WARN_OBJC_ROOT_CLASS = YES_ERROR;
				CLANG_WARN_SUSPICIOUS_MOVE = YES;
				CLANG_WARN_UNREACHABLE_CODE = YES;
				CLANG_WARN__DUPLICATE_METHOD_MATCH = YES;
				"CODE_SIGN_IDENTITY[sdk=iphoneos*]" = "iPhone Developer";
				COPY_PHASE_STRIP = NO;
				CURRENT_PROJECT_VERSION = 1;
				DEBUG_INFORMATION_FORMAT = "dwarf-with-dsym";
				ENABLE_NS_ASSERTIONS = NO;
				ENABLE_STRICT_OBJC_MSGSEND = YES;
				GCC_C_LANGUAGE_STANDARD = gnu99;
				GCC_NO_COMMON_BLOCKS = YES;
				GCC_WARN_64_TO_32_BIT_CONVERSION = YES;
				GCC_WARN_ABOUT_RETURN_TYPE = YES_ERROR;
				GCC_WARN_UNDECLARED_SELECTOR = YES;
				GCC_WARN_UNINITIALIZED_AUTOS = YES_AGGRESSIVE;
				GCC_WARN_UNUSED_FUNCTION = YES;
				GCC_WARN_UNUSED_VARIABLE = YES;
				IPHONEOS_DEPLOYMENT_TARGET = 10.3;
				MTL_ENABLE_DEBUG_INFO = NO;
				SDKROOT = iphoneos;
				SWIFT_OPTIMIZATION_LEVEL = "-Owholemodule";
				TARGETED_DEVICE_FAMILY = "1,2";
				VALIDATE_PRODUCT = YES;
				VERSIONING_SYSTEM = "apple-generic";
				VERSION_INFO_PREFIX = "";
			};
			name = Release;
		};
		68857E151F5D1D5C002E1647 /* Debug */ = {
			isa = XCBuildConfiguration;
			baseConfigurationReference = EEA2A645892DD04C61759857 /* Pods-IPG.debug.xcconfig */;
			buildSettings = {
				APPLICATION_EXTENSION_API_ONLY = NO;
				CLANG_ENABLE_MODULES = YES;
				CODE_SIGN_IDENTITY = "";
				DEFINES_MODULE = YES;
				DEVELOPMENT_TEAM = "";
				DYLIB_COMPATIBILITY_VERSION = 1;
				DYLIB_CURRENT_VERSION = 1;
				DYLIB_INSTALL_NAME_BASE = "@rpath";
				FRAMEWORK_SEARCH_PATHS = (
					"$(inherited)",
					"$(PROJECT_DIR)/build/Debug-iphoneos",
				);
				INFOPLIST_FILE = IPG/Info.plist;
				INSTALL_PATH = "$(LOCAL_LIBRARY_DIR)/Frameworks";
				IPHONEOS_DEPLOYMENT_TARGET = 8.0;
				LD_RUNPATH_SEARCH_PATHS = "$(inherited) @executable_path/Frameworks @loader_path/Frameworks";
				PRODUCT_BUNDLE_IDENTIFIER = test.IPG;
				PRODUCT_NAME = "$(TARGET_NAME)";
				SKIP_INSTALL = YES;
				SWIFT_OPTIMIZATION_LEVEL = "-Onone";
				SWIFT_VERSION = 3.0;
				TARGETED_DEVICE_FAMILY = "1,2";
			};
			name = Debug;
		};
		68857E161F5D1D5C002E1647 /* Release */ = {
			isa = XCBuildConfiguration;
			baseConfigurationReference = E105D02E255FE7148F669E20 /* Pods-IPG.release.xcconfig */;
			buildSettings = {
				APPLICATION_EXTENSION_API_ONLY = NO;
				CLANG_ENABLE_MODULES = YES;
				CODE_SIGN_IDENTITY = "";
				DEFINES_MODULE = YES;
				DEVELOPMENT_TEAM = "";
				DYLIB_COMPATIBILITY_VERSION = 1;
				DYLIB_CURRENT_VERSION = 1;
				DYLIB_INSTALL_NAME_BASE = "@rpath";
				FRAMEWORK_SEARCH_PATHS = (
					"$(inherited)",
					"$(PROJECT_DIR)/build/Debug-iphoneos",
				);
				INFOPLIST_FILE = IPG/Info.plist;
				INSTALL_PATH = "$(LOCAL_LIBRARY_DIR)/Frameworks";
				IPHONEOS_DEPLOYMENT_TARGET = 8.0;
				LD_RUNPATH_SEARCH_PATHS = "$(inherited) @executable_path/Frameworks @loader_path/Frameworks";
				PRODUCT_BUNDLE_IDENTIFIER = test.IPG;
				PRODUCT_NAME = "$(TARGET_NAME)";
				SKIP_INSTALL = YES;
				SWIFT_VERSION = 3.0;
				TARGETED_DEVICE_FAMILY = "1,2";
			};
			name = Release;
		};
		68857E2A1F5D1DDA002E1647 /* Debug */ = {
			isa = XCBuildConfiguration;
			baseConfigurationReference = 2A663EEE4C835887CA199E89 /* Pods-Demo.debug.xcconfig */;
			buildSettings = {
				ALWAYS_EMBED_SWIFT_STANDARD_LIBRARIES = YES;
				ASSETCATALOG_COMPILER_APPICON_NAME = AppIcon;
				INFOPLIST_FILE = Demo/Info.plist;
				LD_RUNPATH_SEARCH_PATHS = "$(inherited) @executable_path/Frameworks";
				PRODUCT_BUNDLE_IDENTIFIER = test.Demo;
				PRODUCT_NAME = "$(TARGET_NAME)";
				SWIFT_VERSION = 3.0;
			};
			name = Debug;
		};
		68857E2B1F5D1DDA002E1647 /* Release */ = {
			isa = XCBuildConfiguration;
			baseConfigurationReference = EBF15342B731973C139E1C1D /* Pods-Demo.release.xcconfig */;
			buildSettings = {
				ALWAYS_EMBED_SWIFT_STANDARD_LIBRARIES = YES;
				ASSETCATALOG_COMPILER_APPICON_NAME = AppIcon;
				INFOPLIST_FILE = Demo/Info.plist;
				LD_RUNPATH_SEARCH_PATHS = "$(inherited) @executable_path/Frameworks";
				PRODUCT_BUNDLE_IDENTIFIER = test.Demo;
				PRODUCT_NAME = "$(TARGET_NAME)";
				SWIFT_VERSION = 3.0;
			};
			name = Release;
		};
		68EDF7341F67A24900DD338A /* Debug */ = {
			isa = XCBuildConfiguration;
			baseConfigurationReference = 4643ECD854922CBD741111CB /* Pods-IPG Demo.debug.xcconfig */;
			buildSettings = {
				ALWAYS_EMBED_SWIFT_STANDARD_LIBRARIES = YES;
				ASSETCATALOG_COMPILER_APPICON_NAME = AppIcon;
				"CODE_SIGN_IDENTITY[sdk=iphoneos*]" = "iPhone Developer";
				DEVELOPMENT_TEAM = "";
				INFOPLIST_FILE = "IPG Demo/Info.plist";
				IPHONEOS_DEPLOYMENT_TARGET = 9.0;
				LD_RUNPATH_SEARCH_PATHS = "$(inherited) @executable_path/Frameworks";
				PRODUCT_BUNDLE_IDENTIFIER = "test.IPG-Demo";
				PRODUCT_NAME = "$(TARGET_NAME)";
				PROVISIONING_PROFILE_SPECIFIER = "";
				SWIFT_VERSION = 3.0;
			};
			name = Debug;
		};
		68EDF7351F67A24900DD338A /* Release */ = {
			isa = XCBuildConfiguration;
			baseConfigurationReference = A91FBE4F905825D1129BC3EE /* Pods-IPG Demo.release.xcconfig */;
			buildSettings = {
				ALWAYS_EMBED_SWIFT_STANDARD_LIBRARIES = YES;
				ASSETCATALOG_COMPILER_APPICON_NAME = AppIcon;
				"CODE_SIGN_IDENTITY[sdk=iphoneos*]" = "iPhone Developer";
				DEVELOPMENT_TEAM = "";
				INFOPLIST_FILE = "IPG Demo/Info.plist";
				IPHONEOS_DEPLOYMENT_TARGET = 9.0;
				LD_RUNPATH_SEARCH_PATHS = "$(inherited) @executable_path/Frameworks";
				PRODUCT_BUNDLE_IDENTIFIER = "test.IPG-Demo";
				PRODUCT_NAME = "$(TARGET_NAME)";
				PROVISIONING_PROFILE_SPECIFIER = "";
				SWIFT_VERSION = 3.0;
			};
			name = Release;
		};
/* End XCBuildConfiguration section */

/* Begin XCConfigurationList section */
		6826A0741F5FCEE7006ECFC1 /* Build configuration list for PBXNativeTarget "IPGTests" */ = {
			isa = XCConfigurationList;
			buildConfigurations = (
				6826A0751F5FCEE7006ECFC1 /* Debug */,
				6826A0761F5FCEE7006ECFC1 /* Release */,
			);
			defaultConfigurationIsVisible = 0;
			defaultConfigurationName = Release;
		};
		68857E061F5D1D5C002E1647 /* Build configuration list for PBXProject "IPG" */ = {
			isa = XCConfigurationList;
			buildConfigurations = (
				68857E121F5D1D5C002E1647 /* Debug */,
				68857E131F5D1D5C002E1647 /* Release */,
			);
			defaultConfigurationIsVisible = 0;
			defaultConfigurationName = Release;
		};
		68857E141F5D1D5C002E1647 /* Build configuration list for PBXNativeTarget "IPG" */ = {
			isa = XCConfigurationList;
			buildConfigurations = (
				68857E151F5D1D5C002E1647 /* Debug */,
				68857E161F5D1D5C002E1647 /* Release */,
			);
			defaultConfigurationIsVisible = 0;
			defaultConfigurationName = Release;
		};
		68857E2C1F5D1DDA002E1647 /* Build configuration list for PBXNativeTarget "Demo" */ = {
			isa = XCConfigurationList;
			buildConfigurations = (
				68857E2A1F5D1DDA002E1647 /* Debug */,
				68857E2B1F5D1DDA002E1647 /* Release */,
			);
			defaultConfigurationIsVisible = 0;
			defaultConfigurationName = Release;
		};
		68EDF7361F67A24900DD338A /* Build configuration list for PBXNativeTarget "IPG Demo" */ = {
			isa = XCConfigurationList;
			buildConfigurations = (
				68EDF7341F67A24900DD338A /* Debug */,
				68EDF7351F67A24900DD338A /* Release */,
			);
			defaultConfigurationIsVisible = 0;
			defaultConfigurationName = Release;
		};
/* End XCConfigurationList section */
	};
	rootObject = 68857E031F5D1D5C002E1647 /* Project object */;
}
